// !$*UTF8*$!
{
	archiveVersion = 1;
	classes = {
	};
	objectVersion = 55;
	objects = {

/* Begin PBXBuildFile section */
		AF1D1F7F288F1AEC0056943B /* DateFormatter.swift in Sources */ = {isa = PBXBuildFile; fileRef = AF1D1F7E288F1AEC0056943B /* DateFormatter.swift */; };
		AF1D1F8528914A000056943B /* AppStartManager.swift in Sources */ = {isa = PBXBuildFile; fileRef = AF1D1F8428914A000056943B /* AppStartManager.swift */; };
		AF1D1F8A2891544E0056943B /* DetailsGistViewController.swift in Sources */ = {isa = PBXBuildFile; fileRef = AF1D1F882891544E0056943B /* DetailsGistViewController.swift */; };
		AF1D1F8B2891544E0056943B /* DetailsGistViewController.xib in Resources */ = {isa = PBXBuildFile; fileRef = AF1D1F892891544E0056943B /* DetailsGistViewController.xib */; };
		AF1D1F9228915DE30056943B /* FileDetailsViewController.swift in Sources */ = {isa = PBXBuildFile; fileRef = AF1D1F9028915DE30056943B /* FileDetailsViewController.swift */; };
		AF1D1F9328915DE30056943B /* FileDetailsViewController.xib in Resources */ = {isa = PBXBuildFile; fileRef = AF1D1F9128915DE30056943B /* FileDetailsViewController.xib */; };
		AF26568A286DC19C00B84119 /* FileGist.swift in Sources */ = {isa = PBXBuildFile; fileRef = AF265689286DC19C00B84119 /* FileGist.swift */; };
		AF26568C286DCC1F00B84119 /* GistCommits.swift in Sources */ = {isa = PBXBuildFile; fileRef = AF26568B286DCC1F00B84119 /* GistCommits.swift */; };
		AF265690286DD11C00B84119 /* DetailViewCell.swift in Sources */ = {isa = PBXBuildFile; fileRef = AF26568E286DD11C00B84119 /* DetailViewCell.swift */; };
		AF265691286DD11C00B84119 /* DetailViewCell.xib in Resources */ = {isa = PBXBuildFile; fileRef = AF26568F286DD11C00B84119 /* DetailViewCell.xib */; };
		AF265693286DF30600B84119 /* FileDetailViewController.swift in Sources */ = {isa = PBXBuildFile; fileRef = AF265692286DF30600B84119 /* FileDetailViewController.swift */; };
		AF265697286E202000B84119 /* DetailViewModel.swift in Sources */ = {isa = PBXBuildFile; fileRef = AF265696286E202000B84119 /* DetailViewModel.swift */; };
		AF265699286E43F200B84119 /* MainCellModel.swift in Sources */ = {isa = PBXBuildFile; fileRef = AF265698286E43F200B84119 /* MainCellModel.swift */; };
		AF26569B286E456800B84119 /* DetailGistCellModel.swift in Sources */ = {isa = PBXBuildFile; fileRef = AF26569A286E456800B84119 /* DetailGistCellModel.swift */; };
		AF26569D286EDAA700B84119 /* ChangeStatusCommit.swift in Sources */ = {isa = PBXBuildFile; fileRef = AF26569C286EDAA700B84119 /* ChangeStatusCommit.swift */; };
		AF2656A1286F254300B84119 /* CommitsFileCell.swift in Sources */ = {isa = PBXBuildFile; fileRef = AF26569F286F254300B84119 /* CommitsFileCell.swift */; };
		AF2656A2286F254300B84119 /* CommitsFileCell.xib in Resources */ = {isa = PBXBuildFile; fileRef = AF2656A0286F254300B84119 /* CommitsFileCell.xib */; };
		AFF8D3DC286B0C9000E21FFF /* AppDelegate.swift in Sources */ = {isa = PBXBuildFile; fileRef = AFF8D3DB286B0C9000E21FFF /* AppDelegate.swift */; };
		AFF8D3E0286B0C9000E21FFF /* MainViewController.swift in Sources */ = {isa = PBXBuildFile; fileRef = AFF8D3DF286B0C9000E21FFF /* MainViewController.swift */; };
		AFF8D3E5286B0C9200E21FFF /* Assets.xcassets in Resources */ = {isa = PBXBuildFile; fileRef = AFF8D3E4286B0C9200E21FFF /* Assets.xcassets */; };
		AFF8D3E8286B0C9200E21FFF /* LaunchScreen.storyboard in Resources */ = {isa = PBXBuildFile; fileRef = AFF8D3E6286B0C9200E21FFF /* LaunchScreen.storyboard */; };
		AFF8D3F3286B17BA00E21FFF /* MainView.swift in Sources */ = {isa = PBXBuildFile; fileRef = AFF8D3F2286B17BA00E21FFF /* MainView.swift */; };
		AFF8D3F5286B1AB500E21FFF /* MainCell.swift in Sources */ = {isa = PBXBuildFile; fileRef = AFF8D3F4286B1AB500E21FFF /* MainCell.swift */; };
		AFF8D3FB286B29BC00E21FFF /* NetworkService.swift in Sources */ = {isa = PBXBuildFile; fileRef = AFF8D3FA286B29BC00E21FFF /* NetworkService.swift */; };
		AFF8D3FD286B32B000E21FFF /* OwnerGist.swift in Sources */ = {isa = PBXBuildFile; fileRef = AFF8D3FC286B32B000E21FFF /* OwnerGist.swift */; };
		AFF8D3FF286B32C500E21FFF /* Gist.swift in Sources */ = {isa = PBXBuildFile; fileRef = AFF8D3FE286B32C400E21FFF /* Gist.swift */; };
		AFF8D404286B487A00E21FFF /* PhotoService.swift in Sources */ = {isa = PBXBuildFile; fileRef = AFF8D403286B487A00E21FFF /* PhotoService.swift */; };
		AFF8D408286C6A2300E21FFF /* MainViewModel.swift in Sources */ = {isa = PBXBuildFile; fileRef = AFF8D407286C6A2300E21FFF /* MainViewModel.swift */; };
		AFF8D40B286C6AB000E21FFF /* Observable.swift in Sources */ = {isa = PBXBuildFile; fileRef = AFF8D40A286C6AB000E21FFF /* Observable.swift */; };
/* End PBXBuildFile section */

/* Begin PBXFileReference section */
		AF1D1F7E288F1AEC0056943B /* DateFormatter.swift */ = {isa = PBXFileReference; lastKnownFileType = sourcecode.swift; path = DateFormatter.swift; sourceTree = "<group>"; };
		AF1D1F8428914A000056943B /* AppStartManager.swift */ = {isa = PBXFileReference; lastKnownFileType = sourcecode.swift; path = AppStartManager.swift; sourceTree = "<group>"; };
		AF1D1F882891544E0056943B /* DetailsGistViewController.swift */ = {isa = PBXFileReference; lastKnownFileType = sourcecode.swift; path = DetailsGistViewController.swift; sourceTree = "<group>"; };
		AF1D1F892891544E0056943B /* DetailsGistViewController.xib */ = {isa = PBXFileReference; lastKnownFileType = file.xib; path = DetailsGistViewController.xib; sourceTree = "<group>"; };
		AF1D1F9028915DE30056943B /* FileDetailsViewController.swift */ = {isa = PBXFileReference; lastKnownFileType = sourcecode.swift; path = FileDetailsViewController.swift; sourceTree = "<group>"; };
		AF1D1F9128915DE30056943B /* FileDetailsViewController.xib */ = {isa = PBXFileReference; lastKnownFileType = file.xib; path = FileDetailsViewController.xib; sourceTree = "<group>"; };
		AF265689286DC19C00B84119 /* FileGist.swift */ = {isa = PBXFileReference; lastKnownFileType = sourcecode.swift; path = FileGist.swift; sourceTree = "<group>"; };
		AF26568B286DCC1F00B84119 /* GistCommits.swift */ = {isa = PBXFileReference; lastKnownFileType = sourcecode.swift; path = GistCommits.swift; sourceTree = "<group>"; };
		AF26568E286DD11C00B84119 /* DetailViewCell.swift */ = {isa = PBXFileReference; lastKnownFileType = sourcecode.swift; path = DetailViewCell.swift; sourceTree = "<group>"; };
		AF26568F286DD11C00B84119 /* DetailViewCell.xib */ = {isa = PBXFileReference; lastKnownFileType = file.xib; path = DetailViewCell.xib; sourceTree = "<group>"; };
		AF265692286DF30600B84119 /* FileDetailViewController.swift */ = {isa = PBXFileReference; lastKnownFileType = sourcecode.swift; path = FileDetailViewController.swift; sourceTree = "<group>"; };
		AF265696286E202000B84119 /* DetailViewModel.swift */ = {isa = PBXFileReference; lastKnownFileType = sourcecode.swift; path = DetailViewModel.swift; sourceTree = "<group>"; };
		AF265698286E43F200B84119 /* MainCellModel.swift */ = {isa = PBXFileReference; lastKnownFileType = sourcecode.swift; path = MainCellModel.swift; sourceTree = "<group>"; };
		AF26569A286E456800B84119 /* DetailGistCellModel.swift */ = {isa = PBXFileReference; lastKnownFileType = sourcecode.swift; path = DetailGistCellModel.swift; sourceTree = "<group>"; };
		AF26569C286EDAA700B84119 /* ChangeStatusCommit.swift */ = {isa = PBXFileReference; lastKnownFileType = sourcecode.swift; path = ChangeStatusCommit.swift; sourceTree = "<group>"; };
		AF26569F286F254300B84119 /* CommitsFileCell.swift */ = {isa = PBXFileReference; lastKnownFileType = sourcecode.swift; path = CommitsFileCell.swift; sourceTree = "<group>"; };
		AF2656A0286F254300B84119 /* CommitsFileCell.xib */ = {isa = PBXFileReference; lastKnownFileType = file.xib; path = CommitsFileCell.xib; sourceTree = "<group>"; };
		AFF8D3D8286B0C9000E21FFF /* TestTaskWithGitGists.app */ = {isa = PBXFileReference; explicitFileType = wrapper.application; includeInIndex = 0; path = TestTaskWithGitGists.app; sourceTree = BUILT_PRODUCTS_DIR; };
		AFF8D3DB286B0C9000E21FFF /* AppDelegate.swift */ = {isa = PBXFileReference; lastKnownFileType = sourcecode.swift; path = AppDelegate.swift; sourceTree = "<group>"; };
		AFF8D3DF286B0C9000E21FFF /* MainViewController.swift */ = {isa = PBXFileReference; lastKnownFileType = sourcecode.swift; path = MainViewController.swift; sourceTree = "<group>"; };
		AFF8D3E4286B0C9200E21FFF /* Assets.xcassets */ = {isa = PBXFileReference; lastKnownFileType = folder.assetcatalog; path = Assets.xcassets; sourceTree = "<group>"; };
		AFF8D3E7286B0C9200E21FFF /* Base */ = {isa = PBXFileReference; lastKnownFileType = file.storyboard; name = Base; path = Base.lproj/LaunchScreen.storyboard; sourceTree = "<group>"; };
		AFF8D3E9286B0C9200E21FFF /* Info.plist */ = {isa = PBXFileReference; lastKnownFileType = text.plist.xml; path = Info.plist; sourceTree = "<group>"; };
		AFF8D3F2286B17BA00E21FFF /* MainView.swift */ = {isa = PBXFileReference; lastKnownFileType = sourcecode.swift; path = MainView.swift; sourceTree = "<group>"; };
		AFF8D3F4286B1AB500E21FFF /* MainCell.swift */ = {isa = PBXFileReference; lastKnownFileType = sourcecode.swift; path = MainCell.swift; sourceTree = "<group>"; };
		AFF8D3FA286B29BC00E21FFF /* NetworkService.swift */ = {isa = PBXFileReference; lastKnownFileType = sourcecode.swift; path = NetworkService.swift; sourceTree = "<group>"; };
		AFF8D3FC286B32B000E21FFF /* OwnerGist.swift */ = {isa = PBXFileReference; lastKnownFileType = sourcecode.swift; path = OwnerGist.swift; sourceTree = "<group>"; };
		AFF8D3FE286B32C400E21FFF /* Gist.swift */ = {isa = PBXFileReference; lastKnownFileType = sourcecode.swift; path = Gist.swift; sourceTree = "<group>"; };
		AFF8D403286B487A00E21FFF /* PhotoService.swift */ = {isa = PBXFileReference; lastKnownFileType = sourcecode.swift; path = PhotoService.swift; sourceTree = "<group>"; };
		AFF8D407286C6A2300E21FFF /* MainViewModel.swift */ = {isa = PBXFileReference; lastKnownFileType = sourcecode.swift; path = MainViewModel.swift; sourceTree = "<group>"; };
		AFF8D40A286C6AB000E21FFF /* Observable.swift */ = {isa = PBXFileReference; lastKnownFileType = sourcecode.swift; path = Observable.swift; sourceTree = "<group>"; };
/* End PBXFileReference section */

/* Begin PBXFrameworksBuildPhase section */
		AFF8D3D5286B0C9000E21FFF /* Frameworks */ = {
			isa = PBXFrameworksBuildPhase;
			buildActionMask = 2147483647;
			files = (
			);
			runOnlyForDeploymentPostprocessing = 0;
		};
/* End PBXFrameworksBuildPhase section */

/* Begin PBXGroup section */
		128EC170288F00EF00431BCF /* Main */ = {
			isa = PBXGroup;
			children = (
				AFF8D3DF286B0C9000E21FFF /* MainViewController.swift */,
				AFF8D407286C6A2300E21FFF /* MainViewModel.swift */,
				AFF8D406286C69FB00E21FFF /* Views */,
			);
			path = Main;
			sourceTree = "<group>";
		};
		128EC171288F00F600431BCF /* Detail */ = {
			isa = PBXGroup;
			children = (
				AF265696286E202000B84119 /* DetailViewModel.swift */,
				AF1D1F882891544E0056943B /* DetailsGistViewController.swift */,
				AF1D1F892891544E0056943B /* DetailsGistViewController.xib */,
				AF26568D286DD0F500B84119 /* Views */,
			);
			path = Detail;
			sourceTree = "<group>";
		};
		128EC172288F010800431BCF /* FileDetail */ = {
			isa = PBXGroup;
			children = (
				AF265692286DF30600B84119 /* FileDetailViewController.swift */,
				AF26569E286F24F300B84119 /* Views */,
				AF1D1F9028915DE30056943B /* FileDetailsViewController.swift */,
				AF1D1F9128915DE30056943B /* FileDetailsViewController.xib */,
			);
			path = FileDetail;
			sourceTree = "<group>";
		};
		128EC173288F027200431BCF /* Resources */ = {
			isa = PBXGroup;
			children = (
				AFF8D3E6286B0C9200E21FFF /* LaunchScreen.storyboard */,
				AFF8D3E4286B0C9200E21FFF /* Assets.xcassets */,
				AFF8D3E9286B0C9200E21FFF /* Info.plist */,
			);
			path = Resources;
			sourceTree = "<group>";
		};
		128EC174288F08D500431BCF /* Cell Models */ = {
			isa = PBXGroup;
			children = (
				AF26569A286E456800B84119 /* DetailGistCellModel.swift */,
				AF265698286E43F200B84119 /* MainCellModel.swift */,
			);
			path = "Cell Models";
			sourceTree = "<group>";
		};
		128EC175288F08E300431BCF /* Responses */ = {
			isa = PBXGroup;
			children = (
				AFF8D3FE286B32C400E21FFF /* Gist.swift */,
				AFF8D3FC286B32B000E21FFF /* OwnerGist.swift */,
				AF265689286DC19C00B84119 /* FileGist.swift */,
				AF26568B286DCC1F00B84119 /* GistCommits.swift */,
				AF26569C286EDAA700B84119 /* ChangeStatusCommit.swift */,
			);
			path = Responses;
			sourceTree = "<group>";
		};
		AF26568D286DD0F500B84119 /* Views */ = {
			isa = PBXGroup;
			children = (
				AF26568E286DD11C00B84119 /* DetailViewCell.swift */,
				AF26568F286DD11C00B84119 /* DetailViewCell.xib */,
			);
			path = Views;
			sourceTree = "<group>";
		};
		AF26569E286F24F300B84119 /* Views */ = {
			isa = PBXGroup;
			children = (
				AF26569F286F254300B84119 /* CommitsFileCell.swift */,
				AF2656A0286F254300B84119 /* CommitsFileCell.xib */,
			);
			path = Views;
			sourceTree = "<group>";
		};
		AFF8D3CF286B0C9000E21FFF = {
			isa = PBXGroup;
			children = (
				AFF8D3DA286B0C9000E21FFF /* TestTaskWithGitGists */,
				AFF8D3D9286B0C9000E21FFF /* Products */,
			);
			sourceTree = "<group>";
		};
		AFF8D3D9286B0C9000E21FFF /* Products */ = {
			isa = PBXGroup;
			children = (
				AFF8D3D8286B0C9000E21FFF /* TestTaskWithGitGists.app */,
			);
			name = Products;
			sourceTree = "<group>";
		};
		AFF8D3DA286B0C9000E21FFF /* TestTaskWithGitGists */ = {
			isa = PBXGroup;
			children = (
				AFF8D3F0286B14C100E21FFF /* App */,
				AFF8D3EF286B148E00E21FFF /* Screens */,
				AFF8D3F6286B1F1700E21FFF /* Models */,
				AFF8D3F9286B29AA00E21FFF /* Service */,
				AFF8D409286C6AA100E21FFF /* Helpers */,
				128EC173288F027200431BCF /* Resources */,
			);
			path = TestTaskWithGitGists;
			sourceTree = "<group>";
		};
		AFF8D3EF286B148E00E21FFF /* Screens */ = {
			isa = PBXGroup;
			children = (
				128EC170288F00EF00431BCF /* Main */,
				128EC171288F00F600431BCF /* Detail */,
				128EC172288F010800431BCF /* FileDetail */,
			);
			path = Screens;
			sourceTree = "<group>";
		};
		AFF8D3F0286B14C100E21FFF /* App */ = {
			isa = PBXGroup;
			children = (
				AFF8D3DB286B0C9000E21FFF /* AppDelegate.swift */,
				AF1D1F8428914A000056943B /* AppStartManager.swift */,
			);
			path = App;
			sourceTree = "<group>";
		};
		AFF8D3F6286B1F1700E21FFF /* Models */ = {
			isa = PBXGroup;
			children = (
				128EC175288F08E300431BCF /* Responses */,
				128EC174288F08D500431BCF /* Cell Models */,
			);
			path = Models;
			sourceTree = "<group>";
		};
		AFF8D3F9286B29AA00E21FFF /* Service */ = {
			isa = PBXGroup;
			children = (
				AFF8D3FA286B29BC00E21FFF /* NetworkService.swift */,
				AFF8D403286B487A00E21FFF /* PhotoService.swift */,
				AF1D1F7E288F1AEC0056943B /* DateFormatter.swift */,
			);
			path = Service;
			sourceTree = "<group>";
		};
		AFF8D406286C69FB00E21FFF /* Views */ = {
			isa = PBXGroup;
			children = (
				AFF8D3F2286B17BA00E21FFF /* MainView.swift */,
				AFF8D3F4286B1AB500E21FFF /* MainCell.swift */,
			);
			path = Views;
			sourceTree = "<group>";
		};
		AFF8D409286C6AA100E21FFF /* Helpers */ = {
			isa = PBXGroup;
			children = (
				AFF8D40A286C6AB000E21FFF /* Observable.swift */,
			);
			path = Helpers;
			sourceTree = "<group>";
		};
/* End PBXGroup section */

/* Begin PBXNativeTarget section */
		AFF8D3D7286B0C9000E21FFF /* TestTaskWithGitGists */ = {
			isa = PBXNativeTarget;
			buildConfigurationList = AFF8D3EC286B0C9200E21FFF /* Build configuration list for PBXNativeTarget "TestTaskWithGitGists" */;
			buildPhases = (
				AFF8D3D4286B0C9000E21FFF /* Sources */,
				AFF8D3D5286B0C9000E21FFF /* Frameworks */,
				AFF8D3D6286B0C9000E21FFF /* Resources */,
			);
			buildRules = (
			);
			dependencies = (
			);
			name = TestTaskWithGitGists;
			productName = TestTaskWithGitGists;
			productReference = AFF8D3D8286B0C9000E21FFF /* TestTaskWithGitGists.app */;
			productType = "com.apple.product-type.application";
		};
/* End PBXNativeTarget section */

/* Begin PBXProject section */
		AFF8D3D0286B0C9000E21FFF /* Project object */ = {
			isa = PBXProject;
			attributes = {
				BuildIndependentTargetsInParallel = 1;
				LastSwiftUpdateCheck = 1330;
				LastUpgradeCheck = 1330;
				TargetAttributes = {
					AFF8D3D7286B0C9000E21FFF = {
						CreatedOnToolsVersion = 13.3.1;
					};
				};
			};
			buildConfigurationList = AFF8D3D3286B0C9000E21FFF /* Build configuration list for PBXProject "TestTaskWithGitGists" */;
			compatibilityVersion = "Xcode 13.0";
			developmentRegion = en;
			hasScannedForEncodings = 0;
			knownRegions = (
				en,
				Base,
			);
			mainGroup = AFF8D3CF286B0C9000E21FFF;
			productRefGroup = AFF8D3D9286B0C9000E21FFF /* Products */;
			projectDirPath = "";
			projectRoot = "";
			targets = (
				AFF8D3D7286B0C9000E21FFF /* TestTaskWithGitGists */,
			);
		};
/* End PBXProject section */

/* Begin PBXResourcesBuildPhase section */
		AFF8D3D6286B0C9000E21FFF /* Resources */ = {
			isa = PBXResourcesBuildPhase;
			buildActionMask = 2147483647;
			files = (
				AFF8D3E8286B0C9200E21FFF /* LaunchScreen.storyboard in Resources */,
				AF1D1F9328915DE30056943B /* FileDetailsViewController.xib in Resources */,
				AF265691286DD11C00B84119 /* DetailViewCell.xib in Resources */,
				AFF8D3E5286B0C9200E21FFF /* Assets.xcassets in Resources */,
				AF1D1F8B2891544E0056943B /* DetailsGistViewController.xib in Resources */,
				AF2656A2286F254300B84119 /* CommitsFileCell.xib in Resources */,
			);
			runOnlyForDeploymentPostprocessing = 0;
		};
/* End PBXResourcesBuildPhase section */

/* Begin PBXSourcesBuildPhase section */
		AFF8D3D4286B0C9000E21FFF /* Sources */ = {
			isa = PBXSourcesBuildPhase;
			buildActionMask = 2147483647;
			files = (
				AF1D1F8528914A000056943B /* AppStartManager.swift in Sources */,
				AF265697286E202000B84119 /* DetailViewModel.swift in Sources */,
				AFF8D404286B487A00E21FFF /* PhotoService.swift in Sources */,
				AFF8D3F3286B17BA00E21FFF /* MainView.swift in Sources */,
				AFF8D3E0286B0C9000E21FFF /* MainViewController.swift in Sources */,
				AFF8D3FF286B32C500E21FFF /* Gist.swift in Sources */,
				AF1D1F8A2891544E0056943B /* DetailsGistViewController.swift in Sources */,
				AF1D1F9228915DE30056943B /* FileDetailsViewController.swift in Sources */,
				AFF8D40B286C6AB000E21FFF /* Observable.swift in Sources */,
				AFF8D3DC286B0C9000E21FFF /* AppDelegate.swift in Sources */,
				AF26568A286DC19C00B84119 /* FileGist.swift in Sources */,
				AFF8D3FD286B32B000E21FFF /* OwnerGist.swift in Sources */,
				AFF8D3F5286B1AB500E21FFF /* MainCell.swift in Sources */,
				AF265693286DF30600B84119 /* FileDetailViewController.swift in Sources */,
				AF26568C286DCC1F00B84119 /* GistCommits.swift in Sources */,
				AF26569D286EDAA700B84119 /* ChangeStatusCommit.swift in Sources */,
				AF265699286E43F200B84119 /* MainCellModel.swift in Sources */,
				AF1D1F7F288F1AEC0056943B /* DateFormatter.swift in Sources */,
				AF265690286DD11C00B84119 /* DetailViewCell.swift in Sources */,
				AFF8D3FB286B29BC00E21FFF /* NetworkService.swift in Sources */,
				AF26569B286E456800B84119 /* DetailGistCellModel.swift in Sources */,
				AF2656A1286F254300B84119 /* CommitsFileCell.swift in Sources */,
				AFF8D408286C6A2300E21FFF /* MainViewModel.swift in Sources */,
			);
			runOnlyForDeploymentPostprocessing = 0;
		};
/* End PBXSourcesBuildPhase section */

/* Begin PBXVariantGroup section */
		AFF8D3E6286B0C9200E21FFF /* LaunchScreen.storyboard */ = {
			isa = PBXVariantGroup;
			children = (
				AFF8D3E7286B0C9200E21FFF /* Base */,
			);
			name = LaunchScreen.storyboard;
			sourceTree = "<group>";
		};
/* End PBXVariantGroup section */

/* Begin XCBuildConfiguration section */
		AFF8D3EA286B0C9200E21FFF /* Debug */ = {
			isa = XCBuildConfiguration;
			buildSettings = {
				ALWAYS_SEARCH_USER_PATHS = NO;
				CLANG_ANALYZER_NONNULL = YES;
				CLANG_ANALYZER_NUMBER_OBJECT_CONVERSION = YES_AGGRESSIVE;
				CLANG_CXX_LANGUAGE_STANDARD = "gnu++17";
				CLANG_ENABLE_MODULES = YES;
				CLANG_ENABLE_OBJC_ARC = YES;
				CLANG_ENABLE_OBJC_WEAK = YES;
				CLANG_WARN_BLOCK_CAPTURE_AUTORELEASING = YES;
				CLANG_WARN_BOOL_CONVERSION = YES;
				CLANG_WARN_COMMA = YES;
				CLANG_WARN_CONSTANT_CONVERSION = YES;
				CLANG_WARN_DEPRECATED_OBJC_IMPLEMENTATIONS = YES;
				CLANG_WARN_DIRECT_OBJC_ISA_USAGE = YES_ERROR;
				CLANG_WARN_DOCUMENTATION_COMMENTS = YES;
				CLANG_WARN_EMPTY_BODY = YES;
				CLANG_WARN_ENUM_CONVERSION = YES;
				CLANG_WARN_INFINITE_RECURSION = YES;
				CLANG_WARN_INT_CONVERSION = YES;
				CLANG_WARN_NON_LITERAL_NULL_CONVERSION = YES;
				CLANG_WARN_OBJC_IMPLICIT_RETAIN_SELF = YES;
				CLANG_WARN_OBJC_LITERAL_CONVERSION = YES;
				CLANG_WARN_OBJC_ROOT_CLASS = YES_ERROR;
				CLANG_WARN_QUOTED_INCLUDE_IN_FRAMEWORK_HEADER = YES;
				CLANG_WARN_RANGE_LOOP_ANALYSIS = YES;
				CLANG_WARN_STRICT_PROTOTYPES = YES;
				CLANG_WARN_SUSPICIOUS_MOVE = YES;
				CLANG_WARN_UNGUARDED_AVAILABILITY = YES_AGGRESSIVE;
				CLANG_WARN_UNREACHABLE_CODE = YES;
				CLANG_WARN__DUPLICATE_METHOD_MATCH = YES;
				COPY_PHASE_STRIP = NO;
				DEBUG_INFORMATION_FORMAT = dwarf;
				ENABLE_STRICT_OBJC_MSGSEND = YES;
				ENABLE_TESTABILITY = YES;
				GCC_C_LANGUAGE_STANDARD = gnu11;
				GCC_DYNAMIC_NO_PIC = NO;
				GCC_NO_COMMON_BLOCKS = YES;
				GCC_OPTIMIZATION_LEVEL = 0;
				GCC_PREPROCESSOR_DEFINITIONS = (
					"DEBUG=1",
					"$(inherited)",
				);
				GCC_WARN_64_TO_32_BIT_CONVERSION = YES;
				GCC_WARN_ABOUT_RETURN_TYPE = YES_ERROR;
				GCC_WARN_UNDECLARED_SELECTOR = YES;
				GCC_WARN_UNINITIALIZED_AUTOS = YES_AGGRESSIVE;
				GCC_WARN_UNUSED_FUNCTION = YES;
				GCC_WARN_UNUSED_VARIABLE = YES;
				IPHONEOS_DEPLOYMENT_TARGET = 15.4;
				MTL_ENABLE_DEBUG_INFO = INCLUDE_SOURCE;
				MTL_FAST_MATH = YES;
				ONLY_ACTIVE_ARCH = YES;
				SDKROOT = iphoneos;
				SWIFT_ACTIVE_COMPILATION_CONDITIONS = DEBUG;
				SWIFT_OPTIMIZATION_LEVEL = "-Onone";
			};
			name = Debug;
		};
		AFF8D3EB286B0C9200E21FFF /* Release */ = {
			isa = XCBuildConfiguration;
			buildSettings = {
				ALWAYS_SEARCH_USER_PATHS = NO;
				CLANG_ANALYZER_NONNULL = YES;
				CLANG_ANALYZER_NUMBER_OBJECT_CONVERSION = YES_AGGRESSIVE;
				CLANG_CXX_LANGUAGE_STANDARD = "gnu++17";
				CLANG_ENABLE_MODULES = YES;
				CLANG_ENABLE_OBJC_ARC = YES;
				CLANG_ENABLE_OBJC_WEAK = YES;
				CLANG_WARN_BLOCK_CAPTURE_AUTORELEASING = YES;
				CLANG_WARN_BOOL_CONVERSION = YES;
				CLANG_WARN_COMMA = YES;
				CLANG_WARN_CONSTANT_CONVERSION = YES;
				CLANG_WARN_DEPRECATED_OBJC_IMPLEMENTATIONS = YES;
				CLANG_WARN_DIRECT_OBJC_ISA_USAGE = YES_ERROR;
				CLANG_WARN_DOCUMENTATION_COMMENTS = YES;
				CLANG_WARN_EMPTY_BODY = YES;
				CLANG_WARN_ENUM_CONVERSION = YES;
				CLANG_WARN_INFINITE_RECURSION = YES;
				CLANG_WARN_INT_CONVERSION = YES;
				CLANG_WARN_NON_LITERAL_NULL_CONVERSION = YES;
				CLANG_WARN_OBJC_IMPLICIT_RETAIN_SELF = YES;
				CLANG_WARN_OBJC_LITERAL_CONVERSION = YES;
				CLANG_WARN_OBJC_ROOT_CLASS = YES_ERROR;
				CLANG_WARN_QUOTED_INCLUDE_IN_FRAMEWORK_HEADER = YES;
				CLANG_WARN_RANGE_LOOP_ANALYSIS = YES;
				CLANG_WARN_STRICT_PROTOTYPES = YES;
				CLANG_WARN_SUSPICIOUS_MOVE = YES;
				CLANG_WARN_UNGUARDED_AVAILABILITY = YES_AGGRESSIVE;
				CLANG_WARN_UNREACHABLE_CODE = YES;
				CLANG_WARN__DUPLICATE_METHOD_MATCH = YES;
				COPY_PHASE_STRIP = NO;
				DEBUG_INFORMATION_FORMAT = "dwarf-with-dsym";
				ENABLE_NS_ASSERTIONS = NO;
				ENABLE_STRICT_OBJC_MSGSEND = YES;
				GCC_C_LANGUAGE_STANDARD = gnu11;
				GCC_NO_COMMON_BLOCKS = YES;
				GCC_WARN_64_TO_32_BIT_CONVERSION = YES;
				GCC_WARN_ABOUT_RETURN_TYPE = YES_ERROR;
				GCC_WARN_UNDECLARED_SELECTOR = YES;
				GCC_WARN_UNINITIALIZED_AUTOS = YES_AGGRESSIVE;
				GCC_WARN_UNUSED_FUNCTION = YES;
				GCC_WARN_UNUSED_VARIABLE = YES;
				IPHONEOS_DEPLOYMENT_TARGET = 15.4;
				MTL_ENABLE_DEBUG_INFO = NO;
				MTL_FAST_MATH = YES;
				SDKROOT = iphoneos;
				SWIFT_COMPILATION_MODE = wholemodule;
				SWIFT_OPTIMIZATION_LEVEL = "-O";
				VALIDATE_PRODUCT = YES;
			};
			name = Release;
		};
		AFF8D3ED286B0C9200E21FFF /* Debug */ = {
			isa = XCBuildConfiguration;
			buildSettings = {
				ASSETCATALOG_COMPILER_APPICON_NAME = AppIcon;
				ASSETCATALOG_COMPILER_GLOBAL_ACCENT_COLOR_NAME = AccentColor;
				CODE_SIGN_STYLE = Automatic;
				CURRENT_PROJECT_VERSION = 1;
				DEVELOPMENT_TEAM = ZU4J9YA52M;
				GENERATE_INFOPLIST_FILE = YES;
				INFOPLIST_FILE = TestTaskWithGitGists/Resources/Info.plist;
				INFOPLIST_KEY_UIApplicationSupportsIndirectInputEvents = YES;
				INFOPLIST_KEY_UILaunchStoryboardName = LaunchScreen;
				INFOPLIST_KEY_UISupportedInterfaceOrientations_iPad = "UIInterfaceOrientationPortrait UIInterfaceOrientationPortraitUpsideDown UIInterfaceOrientationLandscapeLeft UIInterfaceOrientationLandscapeRight";
				INFOPLIST_KEY_UISupportedInterfaceOrientations_iPhone = "UIInterfaceOrientationPortrait UIInterfaceOrientationLandscapeLeft UIInterfaceOrientationLandscapeRight";
				LD_RUNPATH_SEARCH_PATHS = (
					"$(inherited)",
					"@executable_path/Frameworks",
				);
				MARKETING_VERSION = 1.0;
				PRODUCT_BUNDLE_IDENTIFIER = Personal.TestTaskWithGitGists;
				PRODUCT_NAME = "$(TARGET_NAME)";
				SWIFT_EMIT_LOC_STRINGS = YES;
				SWIFT_VERSION = 5.0;
				TARGETED_DEVICE_FAMILY = "1,2";
			};
			name = Debug;
		};
		AFF8D3EE286B0C9200E21FFF /* Release */ = {
			isa = XCBuildConfiguration;
			buildSettings = {
				ASSETCATALOG_COMPILER_APPICON_NAME = AppIcon;
				ASSETCATALOG_COMPILER_GLOBAL_ACCENT_COLOR_NAME = AccentColor;
				CODE_SIGN_STYLE = Automatic;
				CURRENT_PROJECT_VERSION = 1;
				DEVELOPMENT_TEAM = ZU4J9YA52M;
				GENERATE_INFOPLIST_FILE = YES;
				INFOPLIST_FILE = TestTaskWithGitGists/Resources/Info.plist;
				INFOPLIST_KEY_UIApplicationSupportsIndirectInputEvents = YES;
				INFOPLIST_KEY_UILaunchStoryboardName = LaunchScreen;
				INFOPLIST_KEY_UISupportedInterfaceOrientations_iPad = "UIInterfaceOrientationPortrait UIInterfaceOrientationPortraitUpsideDown UIInterfaceOrientationLandscapeLeft UIInterfaceOrientationLandscapeRight";
				INFOPLIST_KEY_UISupportedInterfaceOrientations_iPhone = "UIInterfaceOrientationPortrait UIInterfaceOrientationLandscapeLeft UIInterfaceOrientationLandscapeRight";
				LD_RUNPATH_SEARCH_PATHS = (
					"$(inherited)",
					"@executable_path/Frameworks",
				);
				MARKETING_VERSION = 1.0;
				PRODUCT_BUNDLE_IDENTIFIER = Personal.TestTaskWithGitGists;
				PRODUCT_NAME = "$(TARGET_NAME)";
				SWIFT_EMIT_LOC_STRINGS = YES;
				SWIFT_VERSION = 5.0;
				TARGETED_DEVICE_FAMILY = "1,2";
			};
			name = Release;
		};
/* End XCBuildConfiguration section */

/* Begin XCConfigurationList section */
		AFF8D3D3286B0C9000E21FFF /* Build configuration list for PBXProject "TestTaskWithGitGists" */ = {
			isa = XCConfigurationList;
			buildConfigurations = (
				AFF8D3EA286B0C9200E21FFF /* Debug */,
				AFF8D3EB286B0C9200E21FFF /* Release */,
			);
			defaultConfigurationIsVisible = 0;
			defaultConfigurationName = Release;
		};
		AFF8D3EC286B0C9200E21FFF /* Build configuration list for PBXNativeTarget "TestTaskWithGitGists" */ = {
			isa = XCConfigurationList;
			buildConfigurations = (
				AFF8D3ED286B0C9200E21FFF /* Debug */,
				AFF8D3EE286B0C9200E21FFF /* Release */,
			);
			defaultConfigurationIsVisible = 0;
			defaultConfigurationName = Release;
		};
/* End XCConfigurationList section */
	};
	rootObject = AFF8D3D0286B0C9000E21FFF /* Project object */;
}
